
Microsoft Visual Studio Solution File, Format Version 12.00
# Visual Studio Version 17
VisualStudioVersion = 17.5.33627.172
MinimumVisualStudioVersion = 10.0.40219.1
Project("{FAE04EC0-301F-11D3-BF4B-00C04F79EFBC}") = "DAL", "DAL\DAL.csproj", "{8A5B66FD-2327-4863-A358-BEC598296382}"
EndProject
Project("{FAE04EC0-301F-11D3-BF4B-00C04F79EFBC}") = "GUI", "GUI\GUI.csproj", "{E38330FD-B96D-45EB-96E2-1F2833EE538D}"
EndProject
Global
	GlobalSection(SolutionConfigurationPlatforms) = preSolution
		Debug|Any CPU = Debug|Any CPU
		Release|Any CPU = Release|Any CPU
	EndGlobalSection
	GlobalSection(ProjectConfigurationPlatforms) = postSolution
		{8A5B66FD-2327-4863-A358-BEC598296382}.Debug|Any CPU.ActiveCfg = Debug|Any CPU
		{8A5B66FD-2327-4863-A358-BEC598296382}.Debug|Any CPU.Build.0 = Debug|Any CPU
		{8A5B66FD-2327-4863-A358-BEC598296382}.Release|Any CPU.ActiveCfg = Release|Any CPU
		{8A5B66FD-2327-4863-A358-BEC598296382}.Release|Any CPU.Build.0 = Release|Any CPU
		{E38330FD-B96D-45EB-96E2-1F2833EE538D}.Debug|Any CPU.ActiveCfg = Debug|Any CPU
		{E38330FD-B96D-45EB-96E2-1F2833EE538D}.Debug|Any CPU.Build.0 = Debug|Any CPU
		{E38330FD-B96D-45EB-96E2-1F2833EE538D}.Release|Any CPU.ActiveCfg = Release|Any CPU
		{E38330FD-B96D-45EB-96E2-1F2833EE538D}.Release|Any CPU.Build.0 = Release|Any CPU
	EndGlobalSection
	GlobalSection(SolutionProperties) = preSolution
		HideSolutionNode = FALSE
	EndGlobalSection
	GlobalSection(ExtensibilityGlobals) = postSolution
		SolutionGuid = {E0EF9005-3BF0-4776-8EB2-0FC9344E21BD}
	EndGlobalSection
EndGlobal
